github.com/kalandramo/lulu v0.0.0-20260617094710-09209c191f62 h1:j+tjFrH54U6+LO7Ve7nP3MCHR/bR9VnE/52zlD8C60I=
github.com/kalandramo/lulu v0.0.0-20260617094710-09209c191f62/go.mod h1:CU5gA+bQr52RYV7fdkEtt2rnoeU3qxGCeBseyQmo73Q=
github.com/kalandramo/lulu-ext/transport/http v0.0.0-20260630101534-fc170d8ef58c h1:atRyCadn/grCjW4E/9JdqkJw2ot4goZqEesuP9L+Qkk=
github.com/kalandramo/lulu-ext/transport/http v0.0.0-20260630101534-fc170d8ef58c/go.mod h1:wbBkGh/3WKO3wV8Y7uNyTnSBk7SFv9CYBbjkUC9Xu1Q=
